schema: '2.0'
stages:
  load_data:
    cmd: python src/stage_01_load_save.py --config=config/config.yaml
    deps:
    - path: config/config.yaml
      hash: md5
      md5: 77b7723dde6107992992b280c5a306a7
      size: 398
    - path: src/stage_01_load_save.py
      hash: md5
      md5: c5e1c5b9754c619f6b2dd1254dda4143
      size: 1349
    - path: src/utils/all_utils.py
      hash: md5
      md5: f8c4ef7c1f7f86e3581dd2db6915ccbc
      size: 1016
    outs:
    - path: artifacts/raw_local_dir/data.csv
      hash: md5
      md5: a990034a1ac4f327cb8f1e20ef102208
      size: 93599
  split_data:
    cmd: python src/stage_02_split_data.py --config=config/config.yaml --params=params.yaml
    deps:
    - path: artifacts/raw_local_dir/data.csv
      hash: md5
      md5: a990034a1ac4f327cb8f1e20ef102208
      size: 93599
    - path: config/config.yaml
      hash: md5
      md5: 77b7723dde6107992992b280c5a306a7
      size: 398
    - path: src/stage_02_split_data.py
      hash: md5
      md5: c804e78a6edbd8aa82cee0336527fb5e
      size: 2248
    - path: src/utils/all_utils.py
      hash: md5
      md5: f8c4ef7c1f7f86e3581dd2db6915ccbc
      size: 1016
    params:
      params.yaml:
        base.random_state: 42
        base.test_size: 0.3
    outs:
    - path: artifacts/split_data_dir/test.csv
      hash: md5
      md5: 533f456b95a9bfce5b74f7837f41b8cd
      size: 28169
    - path: artifacts/split_data_dir/train.csv
      hash: md5
      md5: ee5ebf7a4f4234d734d86f2bafbe8776
      size: 65577
  train:
    cmd: python src/stage_03_train.py --config=config/config.yaml --params=params.yaml
    deps:
    - path: artifacts/split_data_dir/train.csv
      hash: md5
      md5: ee5ebf7a4f4234d734d86f2bafbe8776
      size: 65577
    - path: config/config.yaml
      hash: md5
      md5: 77b7723dde6107992992b280c5a306a7
      size: 398
    - path: src/stage_03_train.py
      hash: md5
      md5: 93c7e1b6f57c0283246cdb77a770244b
      size: 2045
    - path: src/utils/all_utils.py
      hash: md5
      md5: f8c4ef7c1f7f86e3581dd2db6915ccbc
      size: 1016
    params:
      params.yaml:
        base.random_state: 42
        model_params.ElasticNet.alpha: 0.5
        model_params.ElasticNet.l1_ratio: 0.5
    outs:
    - path: artifacts/model_dir/ElasticNet.model
      hash: md5
      md5: f139205ddc7e209bb9e1a3fc10b81e14
      size: 1231
  evaluate:
    cmd: python src/stage_04_evaluate.py --config=config/config.yaml --params=params.yaml
    deps:
    - path: artifacts/model_dir/ElasticNet.model
      hash: md5
      md5: f139205ddc7e209bb9e1a3fc10b81e14
      size: 1231
    - path: artifacts/split_data_dir/test.csv
      hash: md5
      md5: 533f456b95a9bfce5b74f7837f41b8cd
      size: 28169
    - path: config/config.yaml
      hash: md5
      md5: 77b7723dde6107992992b280c5a306a7
      size: 398
    - path: src/stage_04_evaluate.py
      hash: md5
      md5: f3f0f0d6aabd6df6c138994b1327c906
      size: 2572
    - path: src/utils/all_utils.py
      hash: md5
      md5: f8c4ef7c1f7f86e3581dd2db6915ccbc
      size: 1016
    outs:
    - path: artifacts/reports_dir/scores.json
      hash: md5
      md5: 24afcdde52f59661f424f7de43b7a39b
      size: 100
